
Microsoft Visual Studio Solution File, Format Version 12.00
# Visual Studio Version 16
VisualStudioVersion = 16.0.30114.105
MinimumVisualStudioVersion = 10.0.40219.1
Project("{FAE04EC0-301F-11D3-BF4B-00C04F79EFBC}") = "API", "API\API.csproj", "{5275D469-DAEB-4B0D-AD1D-C74D251DEECC}"
EndProject
Project("{FAE04EC0-301F-11D3-BF4B-00C04F79EFBC}") = "Tests", "Tests\Tests.csproj", "{CA172471-418E-4FEA-A427-A49C3E3DFC47}"
EndProject
Project("{FAE04EC0-301F-11D3-BF4B-00C04F79EFBC}") = "Application", "Application\Application.csproj", "{AF6A6655-E179-418A-8E05-867AD7CE1533}"
EndProject
Project("{FAE04EC0-301F-11D3-BF4B-00C04F79EFBC}") = "Domain", "Domain\Domain.csproj", "{4BEB8122-B6A7-48AB-B8DE-A33C0C2BCA8E}"
EndProject
Project("{FAE04EC0-301F-11D3-BF4B-00C04F79EFBC}") = "Infrastructure", "Infrastructure\Infrastructure.csproj", "{D662F13B-C500-4BE5-9512-F9F558286EEE}"
EndProject
Project("{FAE04EC0-301F-11D3-BF4B-00C04F79EFBC}") = "Common", "Common\Common.csproj", "{6D159AE9-8B5A-4A76-984F-4EED1DB173AD}"
EndProject
Global
	GlobalSection(SolutionConfigurationPlatforms) = preSolution
		Debug|Any CPU = Debug|Any CPU
		Debug|x64 = Debug|x64
		Debug|x86 = Debug|x86
		Release|Any CPU = Release|Any CPU
		Release|x64 = Release|x64
		Release|x86 = Release|x86
	EndGlobalSection
	GlobalSection(SolutionProperties) = preSolution
		HideSolutionNode = FALSE
	EndGlobalSection
	GlobalSection(ProjectConfigurationPlatforms) = postSolution
		{5275D469-DAEB-4B0D-AD1D-C74D251DEECC}.Debug|Any CPU.ActiveCfg = Debug|Any CPU
		{5275D469-DAEB-4B0D-AD1D-C74D251DEECC}.Debug|Any CPU.Build.0 = Debug|Any CPU
		{5275D469-DAEB-4B0D-AD1D-C74D251DEECC}.Debug|x64.ActiveCfg = Debug|Any CPU
		{5275D469-DAEB-4B0D-AD1D-C74D251DEECC}.Debug|x64.Build.0 = Debug|Any CPU
		{5275D469-DAEB-4B0D-AD1D-C74D251DEECC}.Debug|x86.ActiveCfg = Debug|Any CPU
		{5275D469-DAEB-4B0D-AD1D-C74D251DEECC}.Debug|x86.Build.0 = Debug|Any CPU
		{5275D469-DAEB-4B0D-AD1D-C74D251DEECC}.Release|Any CPU.ActiveCfg = Release|Any CPU
		{5275D469-DAEB-4B0D-AD1D-C74D251DEECC}.Release|Any CPU.Build.0 = Release|Any CPU
		{5275D469-DAEB-4B0D-AD1D-C74D251DEECC}.Release|x64.ActiveCfg = Release|Any CPU
		{5275D469-DAEB-4B0D-AD1D-C74D251DEECC}.Release|x64.Build.0 = Release|Any CPU
		{5275D469-DAEB-4B0D-AD1D-C74D251DEECC}.Release|x86.ActiveCfg = Release|Any CPU
		{5275D469-DAEB-4B0D-AD1D-C74D251DEECC}.Release|x86.Build.0 = Release|Any CPU
		{CA172471-418E-4FEA-A427-A49C3E3DFC47}.Debug|Any CPU.ActiveCfg = Debug|Any CPU
		{CA172471-418E-4FEA-A427-A49C3E3DFC47}.Debug|Any CPU.Build.0 = Debug|Any CPU
		{CA172471-418E-4FEA-A427-A49C3E3DFC47}.Debug|x64.ActiveCfg = Debug|Any CPU
		{CA172471-418E-4FEA-A427-A49C3E3DFC47}.Debug|x64.Build.0 = Debug|Any CPU
		{CA172471-418E-4FEA-A427-A49C3E3DFC47}.Debug|x86.ActiveCfg = Debug|Any CPU
		{CA172471-418E-4FEA-A427-A49C3E3DFC47}.Debug|x86.Build.0 = Debug|Any CPU
		{CA172471-418E-4FEA-A427-A49C3E3DFC47}.Release|Any CPU.ActiveCfg = Release|Any CPU
		{CA172471-418E-4FEA-A427-A49C3E3DFC47}.Release|Any CPU.Build.0 = Release|Any CPU
		{CA172471-418E-4FEA-A427-A49C3E3DFC47}.Release|x64.ActiveCfg = Release|Any CPU
		{CA172471-418E-4FEA-A427-A49C3E3DFC47}.Release|x64.Build.0 = Release|Any CPU
		{CA172471-418E-4FEA-A427-A49C3E3DFC47}.Release|x86.ActiveCfg = Release|Any CPU
		{CA172471-418E-4FEA-A427-A49C3E3DFC47}.Release|x86.Build.0 = Release|Any CPU
		{AF6A6655-E179-418A-8E05-867AD7CE1533}.Debug|Any CPU.ActiveCfg = Debug|Any CPU
		{AF6A6655-E179-418A-8E05-867AD7CE1533}.Debug|Any CPU.Build.0 = Debug|Any CPU
		{AF6A6655-E179-418A-8E05-867AD7CE1533}.Debug|x64.ActiveCfg = Debug|Any CPU
		{AF6A6655-E179-418A-8E05-867AD7CE1533}.Debug|x64.Build.0 = Debug|Any CPU
		{AF6A6655-E179-418A-8E05-867AD7CE1533}.Debug|x86.ActiveCfg = Debug|Any CPU
		{AF6A6655-E179-418A-8E05-867AD7CE1533}.Debug|x86.Build.0 = Debug|Any CPU
		{AF6A6655-E179-418A-8E05-867AD7CE1533}.Release|Any CPU.ActiveCfg = Release|Any CPU
		{AF6A6655-E179-418A-8E05-867AD7CE1533}.Release|Any CPU.Build.0 = Release|Any CPU
		{AF6A6655-E179-418A-8E05-867AD7CE1533}.Release|x64.ActiveCfg = Release|Any CPU
		{AF6A6655-E179-418A-8E05-867AD7CE1533}.Release|x64.Build.0 = Release|Any CPU
		{AF6A6655-E179-418A-8E05-867AD7CE1533}.Release|x86.ActiveCfg = Release|Any CPU
		{AF6A6655-E179-418A-8E05-867AD7CE1533}.Release|x86.Build.0 = Release|Any CPU
		{4BEB8122-B6A7-48AB-B8DE-A33C0C2BCA8E}.Debug|Any CPU.ActiveCfg = Debug|Any CPU
		{4BEB8122-B6A7-48AB-B8DE-A33C0C2BCA8E}.Debug|Any CPU.Build.0 = Debug|Any CPU
		{4BEB8122-B6A7-48AB-B8DE-A33C0C2BCA8E}.Debug|x64.ActiveCfg = Debug|Any CPU
		{4BEB8122-B6A7-48AB-B8DE-A33C0C2BCA8E}.Debug|x64.Build.0 = Debug|Any CPU
		{4BEB8122-B6A7-48AB-B8DE-A33C0C2BCA8E}.Debug|x86.ActiveCfg = Debug|Any CPU
		{4BEB8122-B6A7-48AB-B8DE-A33C0C2BCA8E}.Debug|x86.Build.0 = Debug|Any CPU
		{4BEB8122-B6A7-48AB-B8DE-A33C0C2BCA8E}.Release|Any CPU.ActiveCfg = Release|Any CPU
		{4BEB8122-B6A7-48AB-B8DE-A33C0C2BCA8E}.Release|Any CPU.Build.0 = Release|Any CPU
		{4BEB8122-B6A7-48AB-B8DE-A33C0C2BCA8E}.Release|x64.ActiveCfg = Release|Any CPU
		{4BEB8122-B6A7-48AB-B8DE-A33C0C2BCA8E}.Release|x64.Build.0 = Release|Any CPU
		{4BEB8122-B6A7-48AB-B8DE-A33C0C2BCA8E}.Release|x86.ActiveCfg = Release|Any CPU
		{4BEB8122-B6A7-48AB-B8DE-A33C0C2BCA8E}.Release|x86.Build.0 = Release|Any CPU
		{D662F13B-C500-4BE5-9512-F9F558286EEE}.Debug|Any CPU.ActiveCfg = Debug|Any CPU
		{D662F13B-C500-4BE5-9512-F9F558286EEE}.Debug|Any CPU.Build.0 = Debug|Any CPU
		{D662F13B-C500-4BE5-9512-F9F558286EEE}.Debug|x64.ActiveCfg = Debug|Any CPU
		{D662F13B-C500-4BE5-9512-F9F558286EEE}.Debug|x64.Build.0 = Debug|Any CPU
		{D662F13B-C500-4BE5-9512-F9F558286EEE}.Debug|x86.ActiveCfg = Debug|Any CPU
		{D662F13B-C500-4BE5-9512-F9F558286EEE}.Debug|x86.Build.0 = Debug|Any CPU
		{D662F13B-C500-4BE5-9512-F9F558286EEE}.Release|Any CPU.ActiveCfg = Release|Any CPU
		{D662F13B-C500-4BE5-9512-F9F558286EEE}.Release|Any CPU.Build.0 = Release|Any CPU
		{D662F13B-C500-4BE5-9512-F9F558286EEE}.Release|x64.ActiveCfg = Release|Any CPU
		{D662F13B-C500-4BE5-9512-F9F558286EEE}.Release|x64.Build.0 = Release|Any CPU
		{D662F13B-C500-4BE5-9512-F9F558286EEE}.Release|x86.ActiveCfg = Release|Any CPU
		{D662F13B-C500-4BE5-9512-F9F558286EEE}.Release|x86.Build.0 = Release|Any CPU
		{6D159AE9-8B5A-4A76-984F-4EED1DB173AD}.Debug|Any CPU.ActiveCfg = Debug|Any CPU
		{6D159AE9-8B5A-4A76-984F-4EED1DB173AD}.Debug|Any CPU.Build.0 = Debug|Any CPU
		{6D159AE9-8B5A-4A76-984F-4EED1DB173AD}.Debug|x64.ActiveCfg = Debug|Any CPU
		{6D159AE9-8B5A-4A76-984F-4EED1DB173AD}.Debug|x64.Build.0 = Debug|Any CPU
		{6D159AE9-8B5A-4A76-984F-4EED1DB173AD}.Debug|x86.ActiveCfg = Debug|Any CPU
		{6D159AE9-8B5A-4A76-984F-4EED1DB173AD}.Debug|x86.Build.0 = Debug|Any CPU
		{6D159AE9-8B5A-4A76-984F-4EED1DB173AD}.Release|Any CPU.ActiveCfg = Release|Any CPU
		{6D159AE9-8B5A-4A76-984F-4EED1DB173AD}.Release|Any CPU.Build.0 = Release|Any CPU
		{6D159AE9-8B5A-4A76-984F-4EED1DB173AD}.Release|x64.ActiveCfg = Release|Any CPU
		{6D159AE9-8B5A-4A76-984F-4EED1DB173AD}.Release|x64.Build.0 = Release|Any CPU
		{6D159AE9-8B5A-4A76-984F-4EED1DB173AD}.Release|x86.ActiveCfg = Release|Any CPU
		{6D159AE9-8B5A-4A76-984F-4EED1DB173AD}.Release|x86.Build.0 = Release|Any CPU
	EndGlobalSection
EndGlobal
